
Microsoft Visual Studio Solution File, Format Version 12.00
# Visual Studio Version 17
VisualStudioVersion = 17.13.35931.197 d17.13
MinimumVisualStudioVersion = 10.0.40219.1
Project("{FAE04EC0-301F-11D3-BF4B-00C04F79EFBC}") = "WingtipToys", "WingtipToys\WingtipToys.csproj", "{D9BE9A99-F85D-43FD-8B51-6E88756CE2FA}"
EndProject
Global
	GlobalSection(SolutionConfigurationPlatforms) = preSolution
		Debug|Any CPU = Debug|Any CPU
		Release|Any CPU = Release|Any CPU
	EndGlobalSection
	GlobalSection(ProjectConfigurationPlatforms) = postSolution
		{D9BE9A99-F85D-43FD-8B51-6E88756CE2FA}.Debug|Any CPU.ActiveCfg = Debug|Any CPU
		{D9BE9A99-F85D-43FD-8B51-6E88756CE2FA}.Debug|Any CPU.Build.0 = Debug|Any CPU
		{D9BE9A99-F85D-43FD-8B51-6E88756CE2FA}.Release|Any CPU.ActiveCfg = Release|Any CPU
		{D9BE9A99-F85D-43FD-8B51-6E88756CE2FA}.Release|Any CPU.Build.0 = Release|Any CPU
	EndGlobalSection
	GlobalSection(SolutionProperties) = preSolution
		HideSolutionNode = FALSE
	EndGlobalSection
	GlobalSection(ExtensibilityGlobals) = postSolution
		SolutionGuid = {8C340B23-7401-4EB1-9B4D-A73C764E6CD2}
	EndGlobalSection
EndGlobal
